
Microsoft Visual Studio Solution File, Format Version 12.00
# Visual Studio 15
VisualStudioVersion = 15.0.28307.168
MinimumVisualStudioVersion = 10.0.40219.1
Project("{FAE04EC0-301F-11D3-BF4B-00C04F79EFBC}") = "c0727191", "c0727191\c0727191.csproj", "{97DC974F-1F4B-4B88-9C11-444D97C8A21E}"
EndProject
Global
	GlobalSection(SolutionConfigurationPlatforms) = preSolution
		Debug|Any CPU = Debug|Any CPU
		Release|Any CPU = Release|Any CPU
	EndGlobalSection
	GlobalSection(ProjectConfigurationPlatforms) = postSolution
		{97DC974F-1F4B-4B88-9C11-444D97C8A21E}.Debug|Any CPU.ActiveCfg = Debug|Any CPU
		{97DC974F-1F4B-4B88-9C11-444D97C8A21E}.Debug|Any CPU.Build.0 = Debug|Any CPU
		{97DC974F-1F4B-4B88-9C11-444D97C8A21E}.Release|Any CPU.ActiveCfg = Release|Any CPU
		{97DC974F-1F4B-4B88-9C11-444D97C8A21E}.Release|Any CPU.Build.0 = Release|Any CPU
	EndGlobalSection
	GlobalSection(SolutionProperties) = preSolution
		HideSolutionNode = FALSE
	EndGlobalSection
	GlobalSection(ExtensibilityGlobals) = postSolution
		SolutionGuid = {D9D7E202-3223-4F60-B475-659520B9F2B2}
	EndGlobalSection
EndGlobal
